
Microsoft Visual Studio Solution File, Format Version 12.00
# Visual Studio 2015
Project("{FAE04EC0-301F-11D3-BF4B-00C04F79EFBC}") = "Space Saga.CSharp", "Space Saga.CSharp.csproj", "{6C74909D-E56F-038A-832E-F5839D361665}"
EndProject
Global
	GlobalSection(SolutionConfigurationPlatforms) = preSolution
		Debug|Any CPU = Debug|Any CPU
		Release|Any CPU = Release|Any CPU
	EndGlobalSection
	GlobalSection(ProjectConfigurationPlatforms) = postSolution
		{6C74909D-E56F-038A-832E-F5839D361665}.Debug|Any CPU.ActiveCfg = Debug|Any CPU
		{6C74909D-E56F-038A-832E-F5839D361665}.Debug|Any CPU.Build.0 = Debug|Any CPU
		{6C74909D-E56F-038A-832E-F5839D361665}.Release|Any CPU.ActiveCfg = Release|Any CPU
		{6C74909D-E56F-038A-832E-F5839D361665}.Release|Any CPU.Build.0 = Release|Any CPU
	EndGlobalSection
	GlobalSection(SolutionProperties) = preSolution
		HideSolutionNode = FALSE
	EndGlobalSection
EndGlobal
